# THIS IS AN AUTOGENERATED FILE. DO NOT EDIT THIS FILE DIRECTLY.
# yarn lockfile v1


prettier@^1.15.3:
  version "1.15.3"
  resolved "https://registry.yarnpkg.com/prettier/-/prettier-1.15.3.tgz#1feaac5bdd181237b54dbe65d874e02a1472786a"
  integrity sha512-gAU9AGAPMaKb3NNSUUuhhFAS7SCO4ALTN4nRIn6PJ075Qd28Yn2Ig2ahEJWdJwJmlEBTUfC7mMUSFy8MwsOCfg==

typescript@^3.2.4:
  version "3.2.4"
  resolved "https://registry.yarnpkg.com/typescript/-/typescript-3.2.4.tgz#c585cb952912263d915b462726ce244ba510ef3d"
  integrity sha512-0RNDbSdEokBeEAkgNbxJ+BLwSManFy9TeXz8uW+48j/xhEXv1ePME60olyzw2XzUqUBNAYFeJadIqAgNqIACwg==
